// !$*UTF8*$!
{
	archiveVersion = 1;
	classes = {
	};
	objectVersion = 48;
	objects = {

/* Begin PBXBuildFile section */
		4BBCBC95E7F808C23434916A /* Pods_INSTA.framework in Frameworks */ = {isa = PBXBuildFile; fileRef = 20C6EE347E2F90B15ACFC6EA /* Pods_INSTA.framework */; };
		B4C7ECB5207154BE00BAE260 /* AppDelegate.swift in Sources */ = {isa = PBXBuildFile; fileRef = B4C7ECB4207154BE00BAE260 /* AppDelegate.swift */; };
		B4C7ECBA207154BE00BAE260 /* Main.storyboard in Resources */ = {isa = PBXBuildFile; fileRef = B4C7ECB8207154BE00BAE260 /* Main.storyboard */; };
		B4C7ECBC207154BE00BAE260 /* Assets.xcassets in Resources */ = {isa = PBXBuildFile; fileRef = B4C7ECBB207154BE00BAE260 /* Assets.xcassets */; };
		B4C7ECBF207154BE00BAE260 /* LaunchScreen.storyboard in Resources */ = {isa = PBXBuildFile; fileRef = B4C7ECBD207154BE00BAE260 /* LaunchScreen.storyboard */; };
		B4C7ECCD2071563700BAE260 /* SignUpVC.swift in Sources */ = {isa = PBXBuildFile; fileRef = B4C7ECCC2071563700BAE260 /* SignUpVC.swift */; };
		B4C7ECCF2071565500BAE260 /* homeVC.swift in Sources */ = {isa = PBXBuildFile; fileRef = B4C7ECCE2071565500BAE260 /* homeVC.swift */; };
		B4C7ECD1207158FC00BAE260 /* RoundedProfileImage.swift in Sources */ = {isa = PBXBuildFile; fileRef = B4C7ECD0207158FC00BAE260 /* RoundedProfileImage.swift */; };
		B4C7ECD32071601400BAE260 /* GoogleService-Info.plist in Resources */ = {isa = PBXBuildFile; fileRef = B4C7ECD22071601300BAE260 /* GoogleService-Info.plist */; };
		B4C7ECD5207160CD00BAE260 /* Dataservice.swift in Sources */ = {isa = PBXBuildFile; fileRef = B4C7ECD4207160CD00BAE260 /* Dataservice.swift */; };
/* End PBXBuildFile section */

/* Begin PBXFileReference section */
		20C6EE347E2F90B15ACFC6EA /* Pods_INSTA.framework */ = {isa = PBXFileReference; explicitFileType = wrapper.framework; includeInIndex = 0; path = Pods_INSTA.framework; sourceTree = BUILT_PRODUCTS_DIR; };
		4628D20969DB37BC4F31608B /* Pods-INSTA.release.xcconfig */ = {isa = PBXFileReference; includeInIndex = 1; lastKnownFileType = text.xcconfig; name = "Pods-INSTA.release.xcconfig"; path = "Pods/Target Support Files/Pods-INSTA/Pods-INSTA.release.xcconfig"; sourceTree = "<group>"; };
		50E48A36992ACE693069DCAE /* Pods-INSTA.debug.xcconfig */ = {isa = PBXFileReference; includeInIndex = 1; lastKnownFileType = text.xcconfig; name = "Pods-INSTA.debug.xcconfig"; path = "Pods/Target Support Files/Pods-INSTA/Pods-INSTA.debug.xcconfig"; sourceTree = "<group>"; };
		B4C7ECB1207154BE00BAE260 /* INSTA.app */ = {isa = PBXFileReference; explicitFileType = wrapper.application; includeInIndex = 0; path = INSTA.app; sourceTree = BUILT_PRODUCTS_DIR; };
		B4C7ECB4207154BE00BAE260 /* AppDelegate.swift */ = {isa = PBXFileReference; lastKnownFileType = sourcecode.swift; path = AppDelegate.swift; sourceTree = "<group>"; };
		B4C7ECB9207154BE00BAE260 /* Base */ = {isa = PBXFileReference; lastKnownFileType = file.storyboard; name = Base; path = Base.lproj/Main.storyboard; sourceTree = "<group>"; };
		B4C7ECBB207154BE00BAE260 /* Assets.xcassets */ = {isa = PBXFileReference; lastKnownFileType = folder.assetcatalog; path = Assets.xcassets; sourceTree = "<group>"; };
		B4C7ECBE207154BE00BAE260 /* Base */ = {isa = PBXFileReference; lastKnownFileType = file.storyboard; name = Base; path = Base.lproj/LaunchScreen.storyboard; sourceTree = "<group>"; };
		B4C7ECC0207154BE00BAE260 /* Info.plist */ = {isa = PBXFileReference; lastKnownFileType = text.plist.xml; path = Info.plist; sourceTree = "<group>"; };
		B4C7ECCC2071563700BAE260 /* SignUpVC.swift */ = {isa = PBXFileReference; lastKnownFileType = sourcecode.swift; path = SignUpVC.swift; sourceTree = "<group>"; };
		B4C7ECCE2071565500BAE260 /* homeVC.swift */ = {isa = PBXFileReference; lastKnownFileType = sourcecode.swift; path = homeVC.swift; sourceTree = "<group>"; };
		B4C7ECD0207158FC00BAE260 /* RoundedProfileImage.swift */ = {isa = PBXFileReference; lastKnownFileType = sourcecode.swift; path = RoundedProfileImage.swift; sourceTree = "<group>"; };
		B4C7ECD22071601300BAE260 /* GoogleService-Info.plist */ = {isa = PBXFileReference; fileEncoding = 4; lastKnownFileType = text.plist.xml; path = "GoogleService-Info.plist"; sourceTree = "<group>"; };
		B4C7ECD4207160CD00BAE260 /* Dataservice.swift */ = {isa = PBXFileReference; lastKnownFileType = sourcecode.swift; path = Dataservice.swift; sourceTree = "<group>"; };
/* End PBXFileReference section */

/* Begin PBXFrameworksBuildPhase section */
		B4C7ECAE207154BE00BAE260 /* Frameworks */ = {
			isa = PBXFrameworksBuildPhase;
			buildActionMask = 2147483647;
			files = (
				4BBCBC95E7F808C23434916A /* Pods_INSTA.framework in Frameworks */,
			);
			runOnlyForDeploymentPostprocessing = 0;
		};
/* End PBXFrameworksBuildPhase section */

/* Begin PBXGroup section */
		8458D0FEC882D875148B4FDA /* Pods */ = {
			isa = PBXGroup;
			children = (
				50E48A36992ACE693069DCAE /* Pods-INSTA.debug.xcconfig */,
				4628D20969DB37BC4F31608B /* Pods-INSTA.release.xcconfig */,
			);
			name = Pods;
			sourceTree = "<group>";
		};
		B4C7ECA8207154BD00BAE260 = {
			isa = PBXGroup;
			children = (
				B4C7ECB3207154BE00BAE260 /* INSTA */,
				B4C7ECB2207154BE00BAE260 /* Products */,
				8458D0FEC882D875148B4FDA /* Pods */,
				BA6A2B99E49F776C150E5E92 /* Frameworks */,
			);
			sourceTree = "<group>";
		};
		B4C7ECB2207154BE00BAE260 /* Products */ = {
			isa = PBXGroup;
			children = (
				B4C7ECB1207154BE00BAE260 /* INSTA.app */,
			);
			name = Products;
			sourceTree = "<group>";
		};
		B4C7ECB3207154BE00BAE260 /* INSTA */ = {
			isa = PBXGroup;
			children = (
				B4C7ECCB207155E500BAE260 /* Services */,
				B4C7ECCA207155DF00BAE260 /* Resources */,
				B4C7ECC9207155D900BAE260 /* Utilities */,
				B4C7ECC8207155D400BAE260 /* Model */,
				B4C7ECC7207155CE00BAE260 /* View */,
				B4C7ECC6207155C500BAE260 /* Controller */,
				B4C7ECB4207154BE00BAE260 /* AppDelegate.swift */,
				B4C7ECB8207154BE00BAE260 /* Main.storyboard */,
				B4C7ECBB207154BE00BAE260 /* Assets.xcassets */,
				B4C7ECBD207154BE00BAE260 /* LaunchScreen.storyboard */,
				B4C7ECD22071601300BAE260 /* GoogleService-Info.plist */,
				B4C7ECC0207154BE00BAE260 /* Info.plist */,
			);
			path = INSTA;
			sourceTree = "<group>";
		};
		B4C7ECC6207155C500BAE260 /* Controller */ = {
			isa = PBXGroup;
			children = (
				B4C7ECCC2071563700BAE260 /* SignUpVC.swift */,
				B4C7ECCE2071565500BAE260 /* homeVC.swift */,
			);
			path = Controller;
			sourceTree = "<group>";
		};
		B4C7ECC7207155CE00BAE260 /* View */ = {
			isa = PBXGroup;
			children = (
				B4C7ECD0207158FC00BAE260 /* RoundedProfileImage.swift */,
			);
			path = View;
			sourceTree = "<group>";
		};
		B4C7ECC8207155D400BAE260 /* Model */ = {
			isa = PBXGroup;
			children = (
			);
			path = Model;
			sourceTree = "<group>";
		};
		B4C7ECC9207155D900BAE260 /* Utilities */ = {
			isa = PBXGroup;
			children = (
			);
			path = Utilities;
			sourceTree = "<group>";
		};
		B4C7ECCA207155DF00BAE260 /* Resources */ = {
			isa = PBXGroup;
			children = (
			);
			path = Resources;
			sourceTree = "<group>";
		};
		B4C7ECCB207155E500BAE260 /* Services */ = {
			isa = PBXGroup;
			children = (
				B4C7ECD4207160CD00BAE260 /* Dataservice.swift */,
			);
			path = Services;
			sourceTree = "<group>";
		};
		BA6A2B99E49F776C150E5E92 /* Frameworks */ = {
			isa = PBXGroup;
			children = (
				20C6EE347E2F90B15ACFC6EA /* Pods_INSTA.framework */,
			);
			name = Frameworks;
			sourceTree = "<group>";
		};
/* End PBXGroup section */

/* Begin PBXNativeTarget section */
		B4C7ECB0207154BE00BAE260 /* INSTA */ = {
			isa = PBXNativeTarget;
			buildConfigurationList = B4C7ECC3207154BE00BAE260 /* Build configuration list for PBXNativeTarget "INSTA" */;
			buildPhases = (
				2F0B38CE8AFBCD39CDFAE7ED /* [CP] Check Pods Manifest.lock */,
				B4C7ECAD207154BE00BAE260 /* Sources */,
				B4C7ECAE207154BE00BAE260 /* Frameworks */,
				B4C7ECAF207154BE00BAE260 /* Resources */,
				5FFBA7D010C8A6CBB86B367B /* [CP] Embed Pods Frameworks */,
				7A5E0CEF6BF8301CBA6EE861 /* [CP] Copy Pods Resources */,
			);
			buildRules = (
			);
			dependencies = (
			);
			name = INSTA;
			productName = INSTA;
			productReference = B4C7ECB1207154BE00BAE260 /* INSTA.app */;
			productType = "com.apple.product-type.application";
		};
/* End PBXNativeTarget section */

/* Begin PBXProject section */
		B4C7ECA9207154BD00BAE260 /* Project object */ = {
			isa = PBXProject;
			attributes = {
				LastSwiftUpdateCheck = 0920;
				LastUpgradeCheck = 0920;
				ORGANIZATIONNAME = TKM;
				TargetAttributes = {
					B4C7ECB0207154BE00BAE260 = {
						CreatedOnToolsVersion = 9.2;
						ProvisioningStyle = Automatic;
					};
				};
			};
			buildConfigurationList = B4C7ECAC207154BD00BAE260 /* Build configuration list for PBXProject "INSTA" */;
			compatibilityVersion = "Xcode 8.0";
			developmentRegion = en;
			hasScannedForEncodings = 0;
			knownRegions = (
				en,
				Base,
			);
			mainGroup = B4C7ECA8207154BD00BAE260;
			productRefGroup = B4C7ECB2207154BE00BAE260 /* Products */;
			projectDirPath = "";
			projectRoot = "";
			targets = (
				B4C7ECB0207154BE00BAE260 /* INSTA */,
			);
		};
/* End PBXProject section */

/* Begin PBXResourcesBuildPhase section */
		B4C7ECAF207154BE00BAE260 /* Resources */ = {
			isa = PBXResourcesBuildPhase;
			buildActionMask = 2147483647;
			files = (
				B4C7ECBF207154BE00BAE260 /* LaunchScreen.storyboard in Resources */,
				B4C7ECD32071601400BAE260 /* GoogleService-Info.plist in Resources */,
				B4C7ECBC207154BE00BAE260 /* Assets.xcassets in Resources */,
				B4C7ECBA207154BE00BAE260 /* Main.storyboard in Resources */,
			);
			runOnlyForDeploymentPostprocessing = 0;
		};
/* End PBXResourcesBuildPhase section */

/* Begin PBXShellScriptBuildPhase section */
		2F0B38CE8AFBCD39CDFAE7ED /* [CP] Check Pods Manifest.lock */ = {
			isa = PBXShellScriptBuildPhase;
			buildActionMask = 2147483647;
			files = (
			);
			inputPaths = (
				"${PODS_PODFILE_DIR_PATH}/Podfile.lock",
				"${PODS_ROOT}/Manifest.lock",
			);
			name = "[CP] Check Pods Manifest.lock";
			outputPaths = (
				"$(DERIVED_FILE_DIR)/Pods-INSTA-checkManifestLockResult.txt",
			);
			runOnlyForDeploymentPostprocessing = 0;
			shellPath = /bin/sh;
			shellScript = "diff \"${PODS_PODFILE_DIR_PATH}/Podfile.lock\" \"${PODS_ROOT}/Manifest.lock\" > /dev/null\nif [ $? != 0 ] ; then\n    # print error to STDERR\n    echo \"error: The sandbox is not in sync with the Podfile.lock. Run 'pod install' or update your CocoaPods installation.\" >&2\n    exit 1\nfi\n# This output is used by Xcode 'outputs' to avoid re-running this script phase.\necho \"SUCCESS\" > \"${SCRIPT_OUTPUT_FILE_0}\"\n";
			showEnvVarsInLog = 0;
		};
		5FFBA7D010C8A6CBB86B367B /* [CP] Embed Pods Frameworks */ = {
			isa = PBXShellScriptBuildPhase;
			buildActionMask = 2147483647;
			files = (
			);
			inputPaths = (
				"${SRCROOT}/Pods/Target Support Files/Pods-INSTA/Pods-INSTA-frameworks.sh",
				"${BUILT_PRODUCTS_DIR}/GTMSessionFetcher/GTMSessionFetcher.framework",
				"${BUILT_PRODUCTS_DIR}/GoogleToolboxForMac/GoogleToolboxForMac.framework",
				"${BUILT_PRODUCTS_DIR}/leveldb-library/leveldb.framework",
				"${BUILT_PRODUCTS_DIR}/nanopb/nanopb.framework",
			);
			name = "[CP] Embed Pods Frameworks";
			outputPaths = (
				"${TARGET_BUILD_DIR}/${FRAMEWORKS_FOLDER_PATH}/GTMSessionFetcher.framework",
				"${TARGET_BUILD_DIR}/${FRAMEWORKS_FOLDER_PATH}/GoogleToolboxForMac.framework",
				"${TARGET_BUILD_DIR}/${FRAMEWORKS_FOLDER_PATH}/leveldb.framework",
				"${TARGET_BUILD_DIR}/${FRAMEWORKS_FOLDER_PATH}/nanopb.framework",
			);
			runOnlyForDeploymentPostprocessing = 0;
			shellPath = /bin/sh;
			shellScript = "\"${SRCROOT}/Pods/Target Support Files/Pods-INSTA/Pods-INSTA-frameworks.sh\"\n";
			showEnvVarsInLog = 0;
		};
		7A5E0CEF6BF8301CBA6EE861 /* [CP] Copy Pods Resources */ = {
			isa = PBXShellScriptBuildPhase;
			buildActionMask = 2147483647;
			files = (
			);
			inputPaths = (
			);
			name = "[CP] Copy Pods Resources";
			outputPaths = (
			);
			runOnlyForDeploymentPostprocessing = 0;
			shellPath = /bin/sh;
			shellScript = "\"${SRCROOT}/Pods/Target Support Files/Pods-INSTA/Pods-INSTA-resources.sh\"\n";
			showEnvVarsInLog = 0;
		};
/* End PBXShellScriptBuildPhase section */

/* Begin PBXSourcesBuildPhase section */
		B4C7ECAD207154BE00BAE260 /* Sources */ = {
			isa = PBXSourcesBuildPhase;
			buildActionMask = 2147483647;
			files = (
				B4C7ECCD2071563700BAE260 /* SignUpVC.swift in Sources */,
				B4C7ECD1207158FC00BAE260 /* RoundedProfileImage.swift in Sources */,
				B4C7ECCF2071565500BAE260 /* homeVC.swift in Sources */,
				B4C7ECD5207160CD00BAE260 /* Dataservice.swift in Sources */,
				B4C7ECB5207154BE00BAE260 /* AppDelegate.swift in Sources */,
			);
			runOnlyForDeploymentPostprocessing = 0;
		};
/* End PBXSourcesBuildPhase section */

/* Begin PBXVariantGroup section */
		B4C7ECB8207154BE00BAE260 /* Main.storyboard */ = {
			isa = PBXVariantGroup;
			children = (
				B4C7ECB9207154BE00BAE260 /* Base */,
			);
			name = Main.storyboard;
			sourceTree = "<group>";
		};
		B4C7ECBD207154BE00BAE260 /* LaunchScreen.storyboard */ = {
			isa = PBXVariantGroup;
			children = (
				B4C7ECBE207154BE00BAE260 /* Base */,
			);
			name = LaunchScreen.storyboard;
			sourceTree = "<group>";
		};
/* End PBXVariantGroup section */

/* Begin XCBuildConfiguration section */
		B4C7ECC1207154BE00BAE260 /* Debug */ = {
			isa = XCBuildConfiguration;
			buildSettings = {
				ALWAYS_SEARCH_USER_PATHS = NO;
				CLANG_ANALYZER_NONNULL = YES;
				CLANG_ANALYZER_NUMBER_OBJECT_CONVERSION = YES_AGGRESSIVE;
				CLANG_CXX_LANGUAGE_STANDARD = "gnu++14";
				CLANG_CXX_LIBRARY = "libc++";
				CLANG_ENABLE_MODULES = YES;
				CLANG_ENABLE_OBJC_ARC = YES;
				CLANG_WARN_BLOCK_CAPTURE_AUTORELEASING = YES;
				CLANG_WARN_BOOL_CONVERSION = YES;
				CLANG_WARN_COMMA = YES;
				CLANG_WARN_CONSTANT_CONVERSION = YES;
				CLANG_WARN_DIRECT_OBJC_ISA_USAGE = YES_ERROR;
				CLANG_WARN_DOCUMENTATION_COMMENTS = YES;
				CLANG_WARN_EMPTY_BODY = YES;
				CLANG_WARN_ENUM_CONVERSION = YES;
				CLANG_WARN_INFINITE_RECURSION = YES;
				CLANG_WARN_INT_CONVERSION = YES;
				CLANG_WARN_NON_LITERAL_NULL_CONVERSION = YES;
				CLANG_WARN_OBJC_LITERAL_CONVERSION = YES;
				CLANG_WARN_OBJC_ROOT_CLASS = YES_ERROR;
				CLANG_WARN_RANGE_LOOP_ANALYSIS = YES;
				CLANG_WARN_STRICT_PROTOTYPES = YES;
				CLANG_WARN_SUSPICIOUS_MOVE = YES;
				CLANG_WARN_UNGUARDED_AVAILABILITY = YES_AGGRESSIVE;
				CLANG_WARN_UNREACHABLE_CODE = YES;
				CLANG_WARN__DUPLICATE_METHOD_MATCH = YES;
				CODE_SIGN_IDENTITY = "iPhone Developer";
				COPY_PHASE_STRIP = NO;
				DEBUG_INFORMATION_FORMAT = dwarf;
				ENABLE_STRICT_OBJC_MSGSEND = YES;
				ENABLE_TESTABILITY = YES;
				GCC_C_LANGUAGE_STANDARD = gnu11;
				GCC_DYNAMIC_NO_PIC = NO;
				GCC_NO_COMMON_BLOCKS = YES;
				GCC_OPTIMIZATION_LEVEL = 0;
				GCC_PREPROCESSOR_DEFINITIONS = (
					"DEBUG=1",
					"$(inherited)",
				);
				GCC_WARN_64_TO_32_BIT_CONVERSION = YES;
				GCC_WARN_ABOUT_RETURN_TYPE = YES_ERROR;
				GCC_WARN_UNDECLARED_SELECTOR = YES;
				GCC_WARN_UNINITIALIZED_AUTOS = YES_AGGRESSIVE;
				GCC_WARN_UNUSED_FUNCTION = YES;
				GCC_WARN_UNUSED_VARIABLE = YES;
				IPHONEOS_DEPLOYMENT_TARGET = 11.2;
				MTL_ENABLE_DEBUG_INFO = YES;
				ONLY_ACTIVE_ARCH = YES;
				SDKROOT = iphoneos;
				SWIFT_ACTIVE_COMPILATION_CONDITIONS = DEBUG;
				SWIFT_OPTIMIZATION_LEVEL = "-Onone";
			};
			name = Debug;
		};
		B4C7ECC2207154BE00BAE260 /* Release */ = {
			isa = XCBuildConfiguration;
			buildSettings = {
				ALWAYS_SEARCH_USER_PATHS = NO;
				CLANG_ANALYZER_NONNULL = YES;
				CLANG_ANALYZER_NUMBER_OBJECT_CONVERSION = YES_AGGRESSIVE;
				CLANG_CXX_LANGUAGE_STANDARD = "gnu++14";
				CLANG_CXX_LIBRARY = "libc++";
				CLANG_ENABLE_MODULES = YES;
				CLANG_ENABLE_OBJC_ARC = YES;
				CLANG_WARN_BLOCK_CAPTURE_AUTORELEASING = YES;
				CLANG_WARN_BOOL_CONVERSION = YES;
				CLANG_WARN_COMMA = YES;
				CLANG_WARN_CONSTANT_CONVERSION = YES;
				CLANG_WARN_DIRECT_OBJC_ISA_USAGE = YES_ERROR;
				CLANG_WARN_DOCUMENTATION_COMMENTS = YES;
				CLANG_WARN_EMPTY_BODY = YES;
				CLANG_WARN_ENUM_CONVERSION = YES;
				CLANG_WARN_INFINITE_RECURSION = YES;
				CLANG_WARN_INT_CONVERSION = YES;
				CLANG_WARN_NON_LITERAL_NULL_CONVERSION = YES;
				CLANG_WARN_OBJC_LITERAL_CONVERSION = YES;
				CLANG_WARN_OBJC_ROOT_CLASS = YES_ERROR;
				CLANG_WARN_RANGE_LOOP_ANALYSIS = YES;
				CLANG_WARN_STRICT_PROTOTYPES = YES;
				CLANG_WARN_SUSPICIOUS_MOVE = YES;
				CLANG_WARN_UNGUARDED_AVAILABILITY = YES_AGGRESSIVE;
				CLANG_WARN_UNREACHABLE_CODE = YES;
				CLANG_WARN__DUPLICATE_METHOD_MATCH = YES;
				CODE_SIGN_IDENTITY = "iPhone Developer";
				COPY_PHASE_STRIP = NO;
				DEBUG_INFORMATION_FORMAT = "dwarf-with-dsym";
				ENABLE_NS_ASSERTIONS = NO;
				ENABLE_STRICT_OBJC_MSGSEND = YES;
				GCC_C_LANGUAGE_STANDARD = gnu11;
				GCC_NO_COMMON_BLOCKS = YES;
				GCC_WARN_64_TO_32_BIT_CONVERSION = YES;
				GCC_WARN_ABOUT_RETURN_TYPE = YES_ERROR;
				GCC_WARN_UNDECLARED_SELECTOR = YES;
				GCC_WARN_UNINITIALIZED_AUTOS = YES_AGGRESSIVE;
				GCC_WARN_UNUSED_FUNCTION = YES;
				GCC_WARN_UNUSED_VARIABLE = YES;
				IPHONEOS_DEPLOYMENT_TARGET = 11.2;
				MTL_ENABLE_DEBUG_INFO = NO;
				SDKROOT = iphoneos;
				SWIFT_OPTIMIZATION_LEVEL = "-Owholemodule";
				VALIDATE_PRODUCT = YES;
			};
			name = Release;
		};
		B4C7ECC4207154BE00BAE260 /* Debug */ = {
			isa = XCBuildConfiguration;
			baseConfigurationReference = 50E48A36992ACE693069DCAE /* Pods-INSTA.debug.xcconfig */;
			buildSettings = {
				ASSETCATALOG_COMPILER_APPICON_NAME = AppIcon;
				CODE_SIGN_STYLE = Automatic;
				DEVELOPMENT_TEAM = 92BBSY6F64;
				INFOPLIST_FILE = INSTA/Info.plist;
				LD_RUNPATH_SEARCH_PATHS = "$(inherited) @executable_path/Frameworks";
				PRODUCT_BUNDLE_IDENTIFIER = com.TheknightMarket.INSTA;
				PRODUCT_NAME = "$(TARGET_NAME)";
				SWIFT_VERSION = 4.0;
				TARGETED_DEVICE_FAMILY = "1,2";
			};
			name = Debug;
		};
		B4C7ECC5207154BE00BAE260 /* Release */ = {
			isa = XCBuildConfiguration;
			baseConfigurationReference = 4628D20969DB37BC4F31608B /* Pods-INSTA.release.xcconfig */;
			buildSettings = {
				ASSETCATALOG_COMPILER_APPICON_NAME = AppIcon;
				CODE_SIGN_STYLE = Automatic;
				DEVELOPMENT_TEAM = 92BBSY6F64;
				INFOPLIST_FILE = INSTA/Info.plist;
				LD_RUNPATH_SEARCH_PATHS = "$(inherited) @executable_path/Frameworks";
				PRODUCT_BUNDLE_IDENTIFIER = com.TheknightMarket.INSTA;
				PRODUCT_NAME = "$(TARGET_NAME)";
				SWIFT_VERSION = 4.0;
				TARGETED_DEVICE_FAMILY = "1,2";
			};
			name = Release;
		};
/* End XCBuildConfiguration section */

/* Begin XCConfigurationList section */
		B4C7ECAC207154BD00BAE260 /* Build configuration list for PBXProject "INSTA" */ = {
			isa = XCConfigurationList;
			buildConfigurations = (
				B4C7ECC1207154BE00BAE260 /* Debug */,
				B4C7ECC2207154BE00BAE260 /* Release */,
			);
			defaultConfigurationIsVisible = 0;
			defaultConfigurationName = Release;
		};
		B4C7ECC3207154BE00BAE260 /* Build configuration list for PBXNativeTarget "INSTA" */ = {
			isa = XCConfigurationList;
			buildConfigurations = (
				B4C7ECC4207154BE00BAE260 /* Debug */,
				B4C7ECC5207154BE00BAE260 /* Release */,
			);
			defaultConfigurationIsVisible = 0;
			defaultConfigurationName = Release;
		};
/* End XCConfigurationList section */
	};
	rootObject = B4C7ECA9207154BD00BAE260 /* Project object */;
}
